<?xml version="1.0" encoding="UTF-8"?>
<Scheme
   LastUpgradeVersion = "0810"
   version = "1.3">
   <BuildAction
      parallelizeBuildables = "YES"
      buildImplicitDependencies = "YES">
      <BuildActionEntries>
         <BuildActionEntry
            buildForTesting = "YES"
            buildForRunning = "YES"
            buildForProfiling = "YES"
            buildForArchiving = "YES"
            buildForAnalyzing = "YES">
            <BuildableReference
               BuildableIdentifier = "primary"
               BlueprintIdentifier = "62B09ACF1CECD18200A031CB"
               BuildableName = "jerome"
               BlueprintName = "jerome_tool"
               ReferencedContainer = "container:jerome.xcodeproj">
            </BuildableReference>
         </BuildActionEntry>
      </BuildActionEntries>
   </BuildAction>
   <TestAction
      buildConfiguration = "Debug"
      selectedDebuggerIdentifier = "Xcode.DebuggerFoundation.Debugger.LLDB"
      selectedLauncherIdentifier = "Xcode.DebuggerFoundation.Launcher.LLDB"
      shouldUseLaunchSchemeArgsEnv = "YES">
      <Testables>
      </Testables>
      <MacroExpansion>
         <BuildableReference
            BuildableIdentifier = "primary"
            BlueprintIdentifier = "62B09ACF1CECD18200A031CB"
            BuildableName = "jerome"
            BlueprintName = "jerome_tool"
            ReferencedContainer = "container:jerome.xcodeproj">
         </BuildableReference>
      </MacroExpansion>
      <AdditionalOptions>
      </AdditionalOptions>
   </TestAction>
   <LaunchAction
      buildConfiguration = "Release"
      selectedDebuggerIdentifier = "Xcode.DebuggerFoundation.Debugger.LLDB"
      selectedLauncherIdentifier = "Xcode.DebuggerFoundation.Launcher.LLDB"
      launchStyle = "0"
      useCustomWorkingDirectory = "NO"
      ignoresPersistentStateOnLaunch = "NO"
      debugDocumentVersioning = "YES"
      debugServiceExtension = "internal"
      allowLocationSimulation = "YES">
      <BuildableProductRunnable
         runnableDebuggingMode = "0">
         <BuildableReference
            BuildableIdentifier = "primary"
            BlueprintIdentifier = "62B09ACF1CECD18200A031CB"
            BuildableName = "jerome"
            BlueprintName = "jerome_tool"
            ReferencedContainer = "container:jerome.xcodeproj">
         </BuildableReference>
      </BuildableProductRunnable>
      <CommandLineArguments>
         <CommandLineArgument
            argument = "help info"
            isEnabled = "NO">
         </CommandLineArgument>
         <CommandLineArgument
            argument = "help train"
            isEnabled = "NO">
         </CommandLineArgument>
         <CommandLineArgument
            argument = "info --input &quot;/Users/leuski/BitTorrentSync/General/Celebrity/Examples/AnnotatedTranscripts+/Fritzie/fritzieAnnSFAAddWiz.plist.csxml&quot;"
            isEnabled = "NO">
         </CommandLineArgument>
         <CommandLineArgument
            argument = "help"
            isEnabled = "NO">
         </CommandLineArgument>
         <CommandLineArgument
            argument = "evaluate --input $(SRCROOT)/examples/data/twins.plist.csxml"
            isEnabled = "NO">
         </CommandLineArgument>
         <CommandLineArgument
            argument = "--test-split auto"
            isEnabled = "NO">
         </CommandLineArgument>
         <CommandLineArgument
            argument = "--classifier-name &quot;Anyone - The Twins&quot;"
            isEnabled = "NO">
         </CommandLineArgument>
         <CommandLineArgument
            argument = "--report-format html"
            isEnabled = "NO">
         </CommandLineArgument>
         <CommandLineArgument
            argument = "--report &quot;report-%s.html&quot;"
            isEnabled = "NO">
         </CommandLineArgument>
         <CommandLineArgument
            argument = "train --max-time 1 --input $(SRCROOT)/examples/data/twins.plist.csxml --output test.csxml"
            isEnabled = "NO">
         </CommandLineArgument>
         <CommandLineArgument
            argument = "train --test-split label --dev-split auto --max-time 5 --verbosity 3 --answer-analyzer text-unigram+id --answer-weighting unigram+id --global-function-relative-tolerance 0.01 --report-format xml --report &quot;%s-%s-%s.xml&quot; --input &quot;/Users/leuski/BitTorrentSync/General/Celebrity/Examples/OriginalTranscripts+/Aaron/aaronOrigSFA.plist.csxml&quot; --output &quot;/Users/leuski/BitTorrentSync/General/Celebrity/Examples/OriginalTranscripts+/Aaron/aaronOrigSFA.plist.csxml.new&quot;"
            isEnabled = "YES">
         </CommandLineArgument>
         <CommandLineArgument
            argument = "train --input &quot;/Users/leuski/BitTorrentSync/General/Celebrity/Examples/AnnotatedTranscripts+/Fritzie/fritzieAnnSFAAddWiz.plist.csxml&quot; "
            isEnabled = "NO">
         </CommandLineArgument>
         <CommandLineArgument
            argument = "split"
            isEnabled = "NO">
         </CommandLineArgument>
      </CommandLineArguments>
      <EnvironmentVariables>
         <EnvironmentVariable
            key = "DYLD_LIBRARY_PATH"
            value = "${DYLD_LIBRARY_PATH}:$(SRCROOT)/../build/osx/lib"
            isEnabled = "YES">
         </EnvironmentVariable>
      </EnvironmentVariables>
      <AdditionalOptions>
      </AdditionalOptions>
   </LaunchAction>
   <ProfileAction
      buildConfiguration = "Release"
      shouldUseLaunchSchemeArgsEnv = "YES"
      savedToolIdentifier = ""
      useCustomWorkingDirectory = "NO"
      debugDocumentVersioning = "YES">
      <BuildableProductRunnable
         runnableDebuggingMode = "0">
         <BuildableReference
            BuildableIdentifier = "primary"
            BlueprintIdentifier = "62B09ACF1CECD18200A031CB"
            BuildableName = "jerome"
            BlueprintName = "jerome_tool"
            ReferencedContainer = "container:jerome.xcodeproj">
         </BuildableReference>
      </BuildableProductRunnable>
   </ProfileAction>
   <AnalyzeAction
      buildConfiguration = "Debug">
   </AnalyzeAction>
   <ArchiveAction
      buildConfiguration = "Release"
      revealArchiveInOrganizer = "YES">
   </ArchiveAction>
</Scheme>
